
Microsoft Visual Studio Solution File, Format Version 12.00
# Visual Studio Version 16
VisualStudioVersion = 16.0.30907.101
MinimumVisualStudioVersion = 10.0.40219.1
Project("{FAE04EC0-301F-11D3-BF4B-00C04F79EFBC}") = "Participation Sum of 3", "Participation Sum of 3\Participation Sum of 3.csproj", "{33B59EEB-3849-46D5-A8A3-8E1CE8546EC0}"
EndProject
Global
	GlobalSection(SolutionConfigurationPlatforms) = preSolution
		Debug|Any CPU = Debug|Any CPU
		Release|Any CPU = Release|Any CPU
	EndGlobalSection
	GlobalSection(ProjectConfigurationPlatforms) = postSolution
		{33B59EEB-3849-46D5-A8A3-8E1CE8546EC0}.Debug|Any CPU.ActiveCfg = Debug|Any CPU
		{33B59EEB-3849-46D5-A8A3-8E1CE8546EC0}.Debug|Any CPU.Build.0 = Debug|Any CPU
		{33B59EEB-3849-46D5-A8A3-8E1CE8546EC0}.Release|Any CPU.ActiveCfg = Release|Any CPU
		{33B59EEB-3849-46D5-A8A3-8E1CE8546EC0}.Release|Any CPU.Build.0 = Release|Any CPU
	EndGlobalSection
	GlobalSection(SolutionProperties) = preSolution
		HideSolutionNode = FALSE
	EndGlobalSection
	GlobalSection(ExtensibilityGlobals) = postSolution
		SolutionGuid = {C084E28F-891B-4EDC-9940-F5D9050F71C0}
	EndGlobalSection
EndGlobal
